
Microsoft Visual Studio Solution File, Format Version 12.00
# Visual Studio 15
VisualStudioVersion = 15.0.27428.2027
MinimumVisualStudioVersion = 10.0.40219.1
Project("{FAE04EC0-301F-11D3-BF4B-00C04F79EFBC}") = "Fire", "Fire\Fire.csproj", "{C332199A-CD13-47CC-A05B-93276FE80FEF}"
EndProject
Global
	GlobalSection(SolutionConfigurationPlatforms) = preSolution
		Debug|Any CPU = Debug|Any CPU
		Release|Any CPU = Release|Any CPU
	EndGlobalSection
	GlobalSection(ProjectConfigurationPlatforms) = postSolution
		{C332199A-CD13-47CC-A05B-93276FE80FEF}.Debug|Any CPU.ActiveCfg = Debug|Any CPU
		{C332199A-CD13-47CC-A05B-93276FE80FEF}.Debug|Any CPU.Build.0 = Debug|Any CPU
		{C332199A-CD13-47CC-A05B-93276FE80FEF}.Release|Any CPU.ActiveCfg = Release|Any CPU
		{C332199A-CD13-47CC-A05B-93276FE80FEF}.Release|Any CPU.Build.0 = Release|Any CPU
	EndGlobalSection
	GlobalSection(SolutionProperties) = preSolution
		HideSolutionNode = FALSE
	EndGlobalSection
	GlobalSection(ExtensibilityGlobals) = postSolution
		SolutionGuid = {E18FFC5F-5C30-444D-B082-16A73DAE8716}
	EndGlobalSection
EndGlobal
